{
  "name": "eightyone",
  "version": "0.0.1",
  "lockfileVersion": 1,
  "requires": true,
  "dependencies": {
    "@ionic/core": {
      "version": "5.2.3",
      "resolved": "https://registry.npmjs.org/@ionic/core/-/core-5.2.3.tgz",
      "integrity": "sha512-EUGicoQfWZV9//sstNkssFxvSaM7zXIG2EbOZVKX+2l7sWkUC39lO9CBZoMyafSppEZT1hMsY1R3coVkGQefEg==",
      "dev": true,
      "requires": {
        "ionicons": "^5.1.2",
        "tslib": "^1.10.0"
      }
    },
    "@stencil/core": {
      "version": "1.15.0",
      "resolved": "https://registry.npmjs.org/@stencil/core/-/core-1.15.0.tgz",
      "integrity": "sha512-aWTagMDQtKTyNFCpAC98mYRDGDEp6ZfIuEO11RUxha2lqwwVjsXsn9HChr8k3XVPszb9azbmLoWrjT7b+2OKog==",
      "dev": true,
      "requires": {
        "typescript": "3.9.5"
      }
    },
    "ionicons": {
      "version": "5.1.2",
      "resolved": "https://registry.npmjs.org/ionicons/-/ionicons-5.1.2.tgz",
      "integrity": "sha512-zO7ZgbBbXhpA7cXO2rDzTNdcCqErjg1Sprq/ossTvaiV0MriOjRE7JO3EGvYjDTPzF9YALGpvLXqCgsRT0tprA==",
      "dev": true
    },
    "tslib": {
      "version": "1.13.0",
      "resolved": "https://registry.npmjs.org/tslib/-/tslib-1.13.0.tgz",
      "integrity": "sha512-i/6DQjL8Xf3be4K/E6Wgpekn5Qasl1usyw++dAA35Ue5orEn65VIxOA+YvNNl9HV3qv70T7CNwjODHZrLwvd1Q==",
      "dev": true
    },
    "typescript": {
      "version": "3.9.5",
      "resolved": "https://registry.npmjs.org/typescript/-/typescript-3.9.5.tgz",
      "integrity": "sha512-hSAifV3k+i6lEoCJ2k6R2Z/rp/H3+8sdmcn5NrS3/3kE7+RyZXm9aqvxWqjEXHAd8b0pShatpcdMTvEdvAJltQ==",
      "dev": true
    }
  }
}
